
Microsoft Visual Studio Solution File, Format Version 12.00
# Visual Studio Version 17
VisualStudioVersion = 17.14.36203.30 d17.14
MinimumVisualStudioVersion = 10.0.40219.1
Project("{FAE04EC0-301F-11D3-BF4B-00C04F79EFBC}") = "Q7", "Q7.csproj", "{0CEA9476-2E18-4776-A379-20BC2A036672}"
EndProject
Global
	GlobalSection(SolutionConfigurationPlatforms) = preSolution
		Debug|Any CPU = Debug|Any CPU
		Release|Any CPU = Release|Any CPU
	EndGlobalSection
	GlobalSection(ProjectConfigurationPlatforms) = postSolution
		{0CEA9476-2E18-4776-A379-20BC2A036672}.Debug|Any CPU.ActiveCfg = Debug|Any CPU
		{0CEA9476-2E18-4776-A379-20BC2A036672}.Debug|Any CPU.Build.0 = Debug|Any CPU
		{0CEA9476-2E18-4776-A379-20BC2A036672}.Release|Any CPU.ActiveCfg = Release|Any CPU
		{0CEA9476-2E18-4776-A379-20BC2A036672}.Release|Any CPU.Build.0 = Release|Any CPU
	EndGlobalSection
	GlobalSection(SolutionProperties) = preSolution
		HideSolutionNode = FALSE
	EndGlobalSection
	GlobalSection(ExtensibilityGlobals) = postSolution
		SolutionGuid = {87D724CB-2BC0-423D-99CD-01056193EA8A}
	EndGlobalSection
EndGlobal
