
Microsoft Visual Studio Solution File, Format Version 12.00
# Visual Studio Version 17
VisualStudioVersion = 17.14.36203.30 d17.14
MinimumVisualStudioVersion = 10.0.40219.1
Project("{FAE04EC0-301F-11D3-BF4B-00C04F79EFBC}") = "Q6", "Q6.csproj", "{EBA8AD2B-ACCF-449E-81F9-ECBCD2514F7D}"
EndProject
Global
	GlobalSection(SolutionConfigurationPlatforms) = preSolution
		Debug|Any CPU = Debug|Any CPU
		Release|Any CPU = Release|Any CPU
	EndGlobalSection
	GlobalSection(ProjectConfigurationPlatforms) = postSolution
		{EBA8AD2B-ACCF-449E-81F9-ECBCD2514F7D}.Debug|Any CPU.ActiveCfg = Debug|Any CPU
		{EBA8AD2B-ACCF-449E-81F9-ECBCD2514F7D}.Debug|Any CPU.Build.0 = Debug|Any CPU
		{EBA8AD2B-ACCF-449E-81F9-ECBCD2514F7D}.Release|Any CPU.ActiveCfg = Release|Any CPU
		{EBA8AD2B-ACCF-449E-81F9-ECBCD2514F7D}.Release|Any CPU.Build.0 = Release|Any CPU
	EndGlobalSection
	GlobalSection(SolutionProperties) = preSolution
		HideSolutionNode = FALSE
	EndGlobalSection
	GlobalSection(ExtensibilityGlobals) = postSolution
		SolutionGuid = {627058B7-FC94-4483-B24B-B4ED55B8CEFD}
	EndGlobalSection
EndGlobal
